// !$*UTF8*$!
{
	archiveVersion = 1;
	classes = {
	};
	objectVersion = 56;
	objects = {

/* Begin PBXBuildFile section */
		7B0BBF4D2A9FAD5500A0C8D0 /* LocationsView.swift in Sources */ = {isa = PBXBuildFile; fileRef = 7B0BBF4C2A9FAD5500A0C8D0 /* LocationsView.swift */; };
		7B0BBF4F2A9FB14700A0C8D0 /* LocationsViewModel.swift in Sources */ = {isa = PBXBuildFile; fileRef = 7B0BBF4E2A9FB14700A0C8D0 /* LocationsViewModel.swift */; };
		7B0BBF512A9FB9A000A0C8D0 /* LocationsListView.swift in Sources */ = {isa = PBXBuildFile; fileRef = 7B0BBF502A9FB9A000A0C8D0 /* LocationsListView.swift */; };
		7B0BBF532A9FCBD700A0C8D0 /* LocationPreviewView.swift in Sources */ = {isa = PBXBuildFile; fileRef = 7B0BBF522A9FCBD700A0C8D0 /* LocationPreviewView.swift */; };
		7B0DE1622A9E9D550040DE87 /* SwiftfulMapAppApp.swift in Sources */ = {isa = PBXBuildFile; fileRef = 7B0DE1612A9E9D550040DE87 /* SwiftfulMapAppApp.swift */; };
		7B0DE1642A9E9D550040DE87 /* ContentView.swift in Sources */ = {isa = PBXBuildFile; fileRef = 7B0DE1632A9E9D550040DE87 /* ContentView.swift */; };
		7B0DE1692A9E9D560040DE87 /* Preview Assets.xcassets in Resources */ = {isa = PBXBuildFile; fileRef = 7B0DE1682A9E9D560040DE87 /* Preview Assets.xcassets */; };
		7B0DE1702A9E9DF00040DE87 /* Assets.xcassets in Resources */ = {isa = PBXBuildFile; fileRef = 7B0DE16F2A9E9DF00040DE87 /* Assets.xcassets */; };
		7B0DE1752A9E9F420040DE87 /* Location.swift in Sources */ = {isa = PBXBuildFile; fileRef = 7B0DE1742A9E9F420040DE87 /* Location.swift */; };
		7B0DE1782A9EA0170040DE87 /* LocationsDataService.swift in Sources */ = {isa = PBXBuildFile; fileRef = 7B0DE1772A9EA0170040DE87 /* LocationsDataService.swift */; };
		7BA342102AA12CC7005B2D18 /* LocationMapAnnotationView.swift in Sources */ = {isa = PBXBuildFile; fileRef = 7BA3420F2AA12CC7005B2D18 /* LocationMapAnnotationView.swift */; };
/* End PBXBuildFile section */

/* Begin PBXFileReference section */
		7B0BBF4C2A9FAD5500A0C8D0 /* LocationsView.swift */ = {isa = PBXFileReference; lastKnownFileType = sourcecode.swift; path = LocationsView.swift; sourceTree = "<group>"; };
		7B0BBF4E2A9FB14700A0C8D0 /* LocationsViewModel.swift */ = {isa = PBXFileReference; lastKnownFileType = sourcecode.swift; path = LocationsViewModel.swift; sourceTree = "<group>"; };
		7B0BBF502A9FB9A000A0C8D0 /* LocationsListView.swift */ = {isa = PBXFileReference; lastKnownFileType = sourcecode.swift; path = LocationsListView.swift; sourceTree = "<group>"; };
		7B0BBF522A9FCBD700A0C8D0 /* LocationPreviewView.swift */ = {isa = PBXFileReference; lastKnownFileType = sourcecode.swift; path = LocationPreviewView.swift; sourceTree = "<group>"; };
		7B0DE15E2A9E9D550040DE87 /* SwiftfulMapApp.app */ = {isa = PBXFileReference; explicitFileType = wrapper.application; includeInIndex = 0; path = SwiftfulMapApp.app; sourceTree = BUILT_PRODUCTS_DIR; };
		7B0DE1612A9E9D550040DE87 /* SwiftfulMapAppApp.swift */ = {isa = PBXFileReference; lastKnownFileType = sourcecode.swift; path = SwiftfulMapAppApp.swift; sourceTree = "<group>"; };
		7B0DE1632A9E9D550040DE87 /* ContentView.swift */ = {isa = PBXFileReference; lastKnownFileType = sourcecode.swift; path = ContentView.swift; sourceTree = "<group>"; };
		7B0DE1682A9E9D560040DE87 /* Preview Assets.xcassets */ = {isa = PBXFileReference; lastKnownFileType = folder.assetcatalog; path = "Preview Assets.xcassets"; sourceTree = "<group>"; };
		7B0DE16F2A9E9DF00040DE87 /* Assets.xcassets */ = {isa = PBXFileReference; lastKnownFileType = folder.assetcatalog; path = Assets.xcassets; sourceTree = "<group>"; };
		7B0DE1742A9E9F420040DE87 /* Location.swift */ = {isa = PBXFileReference; lastKnownFileType = sourcecode.swift; path = Location.swift; sourceTree = "<group>"; };
		7B0DE1772A9EA0170040DE87 /* LocationsDataService.swift */ = {isa = PBXFileReference; fileEncoding = 4; lastKnownFileType = sourcecode.swift; path = LocationsDataService.swift; sourceTree = "<group>"; };
		7BA3420F2AA12CC7005B2D18 /* LocationMapAnnotationView.swift */ = {isa = PBXFileReference; lastKnownFileType = sourcecode.swift; path = LocationMapAnnotationView.swift; sourceTree = "<group>"; };
/* End PBXFileReference section */

/* Begin PBXFrameworksBuildPhase section */
		7B0DE15B2A9E9D550040DE87 /* Frameworks */ = {
			isa = PBXFrameworksBuildPhase;
			buildActionMask = 2147483647;
			files = (
			);
			runOnlyForDeploymentPostprocessing = 0;
		};
/* End PBXFrameworksBuildPhase section */

/* Begin PBXGroup section */
		7B0DE1552A9E9D550040DE87 = {
			isa = PBXGroup;
			children = (
				7B0DE1602A9E9D550040DE87 /* SwiftfulMapApp */,
				7B0DE15F2A9E9D550040DE87 /* Products */,
			);
			sourceTree = "<group>";
		};
		7B0DE15F2A9E9D550040DE87 /* Products */ = {
			isa = PBXGroup;
			children = (
				7B0DE15E2A9E9D550040DE87 /* SwiftfulMapApp.app */,
			);
			name = Products;
			sourceTree = "<group>";
		};
		7B0DE1602A9E9D550040DE87 /* SwiftfulMapApp */ = {
			isa = PBXGroup;
			children = (
				7B0DE1612A9E9D550040DE87 /* SwiftfulMapAppApp.swift */,
				7B0DE1632A9E9D550040DE87 /* ContentView.swift */,
				7B0DE1762A9E9FF70040DE87 /* DataServices */,
				7B0DE1722A9E9EF40040DE87 /* Views */,
				7B0DE1732A9E9F000040DE87 /* ViewModels */,
				7B0DE1712A9E9EE50040DE87 /* Models */,
				7B0DE16F2A9E9DF00040DE87 /* Assets.xcassets */,
				7B0DE1672A9E9D560040DE87 /* Preview Content */,
			);
			path = SwiftfulMapApp;
			sourceTree = "<group>";
		};
		7B0DE1672A9E9D560040DE87 /* Preview Content */ = {
			isa = PBXGroup;
			children = (
				7B0DE1682A9E9D560040DE87 /* Preview Assets.xcassets */,
			);
			path = "Preview Content";
			sourceTree = "<group>";
		};
		7B0DE1712A9E9EE50040DE87 /* Models */ = {
			isa = PBXGroup;
			children = (
				7B0DE1742A9E9F420040DE87 /* Location.swift */,
			);
			path = Models;
			sourceTree = "<group>";
		};
		7B0DE1722A9E9EF40040DE87 /* Views */ = {
			isa = PBXGroup;
			children = (
				7B0BBF4C2A9FAD5500A0C8D0 /* LocationsView.swift */,
				7B0BBF502A9FB9A000A0C8D0 /* LocationsListView.swift */,
				7B0BBF522A9FCBD700A0C8D0 /* LocationPreviewView.swift */,
				7BA3420F2AA12CC7005B2D18 /* LocationMapAnnotationView.swift */,
			);
			path = Views;
			sourceTree = "<group>";
		};
		7B0DE1732A9E9F000040DE87 /* ViewModels */ = {
			isa = PBXGroup;
			children = (
				7B0BBF4E2A9FB14700A0C8D0 /* LocationsViewModel.swift */,
			);
			path = ViewModels;
			sourceTree = "<group>";
		};
		7B0DE1762A9E9FF70040DE87 /* DataServices */ = {
			isa = PBXGroup;
			children = (
				7B0DE1772A9EA0170040DE87 /* LocationsDataService.swift */,
			);
			path = DataServices;
			sourceTree = "<group>";
		};
/* End PBXGroup section */

/* Begin PBXNativeTarget section */
		7B0DE15D2A9E9D550040DE87 /* SwiftfulMapApp */ = {
			isa = PBXNativeTarget;
			buildConfigurationList = 7B0DE16C2A9E9D560040DE87 /* Build configuration list for PBXNativeTarget "SwiftfulMapApp" */;
			buildPhases = (
				7B0DE15A2A9E9D550040DE87 /* Sources */,
				7B0DE15B2A9E9D550040DE87 /* Frameworks */,
				7B0DE15C2A9E9D550040DE87 /* Resources */,
			);
			buildRules = (
			);
			dependencies = (
			);
			name = SwiftfulMapApp;
			productName = SwiftfulMapApp;
			productReference = 7B0DE15E2A9E9D550040DE87 /* SwiftfulMapApp.app */;
			productType = "com.apple.product-type.application";
		};
/* End PBXNativeTarget section */

/* Begin PBXProject section */
		7B0DE1562A9E9D550040DE87 /* Project object */ = {
			isa = PBXProject;
			attributes = {
				BuildIndependentTargetsInParallel = 1;
				LastSwiftUpdateCheck = 1430;
				LastUpgradeCheck = 1430;
				TargetAttributes = {
					7B0DE15D2A9E9D550040DE87 = {
						CreatedOnToolsVersion = 14.3;
					};
				};
			};
			buildConfigurationList = 7B0DE1592A9E9D550040DE87 /* Build configuration list for PBXProject "SwiftfulMapApp" */;
			compatibilityVersion = "Xcode 14.0";
			developmentRegion = en;
			hasScannedForEncodings = 0;
			knownRegions = (
				en,
				Base,
			);
			mainGroup = 7B0DE1552A9E9D550040DE87;
			productRefGroup = 7B0DE15F2A9E9D550040DE87 /* Products */;
			projectDirPath = "";
			projectRoot = "";
			targets = (
				7B0DE15D2A9E9D550040DE87 /* SwiftfulMapApp */,
			);
		};
/* End PBXProject section */

/* Begin PBXResourcesBuildPhase section */
		7B0DE15C2A9E9D550040DE87 /* Resources */ = {
			isa = PBXResourcesBuildPhase;
			buildActionMask = 2147483647;
			files = (
				7B0DE1702A9E9DF00040DE87 /* Assets.xcassets in Resources */,
				7B0DE1692A9E9D560040DE87 /* Preview Assets.xcassets in Resources */,
			);
			runOnlyForDeploymentPostprocessing = 0;
		};
/* End PBXResourcesBuildPhase section */

/* Begin PBXSourcesBuildPhase section */
		7B0DE15A2A9E9D550040DE87 /* Sources */ = {
			isa = PBXSourcesBuildPhase;
			buildActionMask = 2147483647;
			files = (
				7B0DE1782A9EA0170040DE87 /* LocationsDataService.swift in Sources */,
				7BA342102AA12CC7005B2D18 /* LocationMapAnnotationView.swift in Sources */,
				7B0BBF512A9FB9A000A0C8D0 /* LocationsListView.swift in Sources */,
				7B0BBF532A9FCBD700A0C8D0 /* LocationPreviewView.swift in Sources */,
				7B0BBF4F2A9FB14700A0C8D0 /* LocationsViewModel.swift in Sources */,
				7B0DE1642A9E9D550040DE87 /* ContentView.swift in Sources */,
				7B0BBF4D2A9FAD5500A0C8D0 /* LocationsView.swift in Sources */,
				7B0DE1752A9E9F420040DE87 /* Location.swift in Sources */,
				7B0DE1622A9E9D550040DE87 /* SwiftfulMapAppApp.swift in Sources */,
			);
			runOnlyForDeploymentPostprocessing = 0;
		};
/* End PBXSourcesBuildPhase section */

/* Begin XCBuildConfiguration section */
		7B0DE16A2A9E9D560040DE87 /* Debug */ = {
			isa = XCBuildConfiguration;
			buildSettings = {
				ALWAYS_SEARCH_USER_PATHS = NO;
				CLANG_ANALYZER_NONNULL = YES;
				CLANG_ANALYZER_NUMBER_OBJECT_CONVERSION = YES_AGGRESSIVE;
				CLANG_CXX_LANGUAGE_STANDARD = "gnu++20";
				CLANG_ENABLE_MODULES = YES;
				CLANG_ENABLE_OBJC_ARC = YES;
				CLANG_ENABLE_OBJC_WEAK = YES;
				CLANG_WARN_BLOCK_CAPTURE_AUTORELEASING = YES;
				CLANG_WARN_BOOL_CONVERSION = YES;
				CLANG_WARN_COMMA = YES;
				CLANG_WARN_CONSTANT_CONVERSION = YES;
				CLANG_WARN_DEPRECATED_OBJC_IMPLEMENTATIONS = YES;
				CLANG_WARN_DIRECT_OBJC_ISA_USAGE = YES_ERROR;
				CLANG_WARN_DOCUMENTATION_COMMENTS = YES;
				CLANG_WARN_EMPTY_BODY = YES;
				CLANG_WARN_ENUM_CONVERSION = YES;
				CLANG_WARN_INFINITE_RECURSION = YES;
				CLANG_WARN_INT_CONVERSION = YES;
				CLANG_WARN_NON_LITERAL_NULL_CONVERSION = YES;
				CLANG_WARN_OBJC_IMPLICIT_RETAIN_SELF = YES;
				CLANG_WARN_OBJC_LITERAL_CONVERSION = YES;
				CLANG_WARN_OBJC_ROOT_CLASS = YES_ERROR;
				CLANG_WARN_QUOTED_INCLUDE_IN_FRAMEWORK_HEADER = YES;
				CLANG_WARN_RANGE_LOOP_ANALYSIS = YES;
				CLANG_WARN_STRICT_PROTOTYPES = YES;
				CLANG_WARN_SUSPICIOUS_MOVE = YES;
				CLANG_WARN_UNGUARDED_AVAILABILITY = YES_AGGRESSIVE;
				CLANG_WARN_UNREACHABLE_CODE = YES;
				CLANG_WARN__DUPLICATE_METHOD_MATCH = YES;
				COPY_PHASE_STRIP = NO;
				DEBUG_INFORMATION_FORMAT = dwarf;
				ENABLE_STRICT_OBJC_MSGSEND = YES;
				ENABLE_TESTABILITY = YES;
				GCC_C_LANGUAGE_STANDARD = gnu11;
				GCC_DYNAMIC_NO_PIC = NO;
				GCC_NO_COMMON_BLOCKS = YES;
				GCC_OPTIMIZATION_LEVEL = 0;
				GCC_PREPROCESSOR_DEFINITIONS = (
					"DEBUG=1",
					"$(inherited)",
				);
				GCC_WARN_64_TO_32_BIT_CONVERSION = YES;
				GCC_WARN_ABOUT_RETURN_TYPE = YES_ERROR;
				GCC_WARN_UNDECLARED_SELECTOR = YES;
				GCC_WARN_UNINITIALIZED_AUTOS = YES_AGGRESSIVE;
				GCC_WARN_UNUSED_FUNCTION = YES;
				GCC_WARN_UNUSED_VARIABLE = YES;
				IPHONEOS_DEPLOYMENT_TARGET = 16.4;
				MTL_ENABLE_DEBUG_INFO = INCLUDE_SOURCE;
				MTL_FAST_MATH = YES;
				ONLY_ACTIVE_ARCH = YES;
				SDKROOT = iphoneos;
				SWIFT_ACTIVE_COMPILATION_CONDITIONS = DEBUG;
				SWIFT_OPTIMIZATION_LEVEL = "-Onone";
			};
			name = Debug;
		};
		7B0DE16B2A9E9D560040DE87 /* Release */ = {
			isa = XCBuildConfiguration;
			buildSettings = {
				ALWAYS_SEARCH_USER_PATHS = NO;
				CLANG_ANALYZER_NONNULL = YES;
				CLANG_ANALYZER_NUMBER_OBJECT_CONVERSION = YES_AGGRESSIVE;
				CLANG_CXX_LANGUAGE_STANDARD = "gnu++20";
				CLANG_ENABLE_MODULES = YES;
				CLANG_ENABLE_OBJC_ARC = YES;
				CLANG_ENABLE_OBJC_WEAK = YES;
				CLANG_WARN_BLOCK_CAPTURE_AUTORELEASING = YES;
				CLANG_WARN_BOOL_CONVERSION = YES;
				CLANG_WARN_COMMA = YES;
				CLANG_WARN_CONSTANT_CONVERSION = YES;
				CLANG_WARN_DEPRECATED_OBJC_IMPLEMENTATIONS = YES;
				CLANG_WARN_DIRECT_OBJC_ISA_USAGE = YES_ERROR;
				CLANG_WARN_DOCUMENTATION_COMMENTS = YES;
				CLANG_WARN_EMPTY_BODY = YES;
				CLANG_WARN_ENUM_CONVERSION = YES;
				CLANG_WARN_INFINITE_RECURSION = YES;
				CLANG_WARN_INT_CONVERSION = YES;
				CLANG_WARN_NON_LITERAL_NULL_CONVERSION = YES;
				CLANG_WARN_OBJC_IMPLICIT_RETAIN_SELF = YES;
				CLANG_WARN_OBJC_LITERAL_CONVERSION = YES;
				CLANG_WARN_OBJC_ROOT_CLASS = YES_ERROR;
				CLANG_WARN_QUOTED_INCLUDE_IN_FRAMEWORK_HEADER = YES;
				CLANG_WARN_RANGE_LOOP_ANALYSIS = YES;
				CLANG_WARN_STRICT_PROTOTYPES = YES;
				CLANG_WARN_SUSPICIOUS_MOVE = YES;
				CLANG_WARN_UNGUARDED_AVAILABILITY = YES_AGGRESSIVE;
				CLANG_WARN_UNREACHABLE_CODE = YES;
				CLANG_WARN__DUPLICATE_METHOD_MATCH = YES;
				COPY_PHASE_STRIP = NO;
				DEBUG_INFORMATION_FORMAT = "dwarf-with-dsym";
				ENABLE_NS_ASSERTIONS = NO;
				ENABLE_STRICT_OBJC_MSGSEND = YES;
				GCC_C_LANGUAGE_STANDARD = gnu11;
				GCC_NO_COMMON_BLOCKS = YES;
				GCC_WARN_64_TO_32_BIT_CONVERSION = YES;
				GCC_WARN_ABOUT_RETURN_TYPE = YES_ERROR;
				GCC_WARN_UNDECLARED_SELECTOR = YES;
				GCC_WARN_UNINITIALIZED_AUTOS = YES_AGGRESSIVE;
				GCC_WARN_UNUSED_FUNCTION = YES;
				GCC_WARN_UNUSED_VARIABLE = YES;
				IPHONEOS_DEPLOYMENT_TARGET = 16.4;
				MTL_ENABLE_DEBUG_INFO = NO;
				MTL_FAST_MATH = YES;
				SDKROOT = iphoneos;
				SWIFT_COMPILATION_MODE = wholemodule;
				SWIFT_OPTIMIZATION_LEVEL = "-O";
				VALIDATE_PRODUCT = YES;
			};
			name = Release;
		};
		7B0DE16D2A9E9D560040DE87 /* Debug */ = {
			isa = XCBuildConfiguration;
			buildSettings = {
				ASSETCATALOG_COMPILER_APPICON_NAME = AppIcon;
				ASSETCATALOG_COMPILER_GLOBAL_ACCENT_COLOR_NAME = AccentColor;
				CODE_SIGN_STYLE = Automatic;
				CURRENT_PROJECT_VERSION = 1;
				DEVELOPMENT_ASSET_PATHS = "\"SwiftfulMapApp/Preview Content\"";
				DEVELOPMENT_TEAM = RU3T8G764D;
				ENABLE_PREVIEWS = YES;
				GENERATE_INFOPLIST_FILE = YES;
				INFOPLIST_KEY_UIApplicationSceneManifest_Generation = YES;
				INFOPLIST_KEY_UIApplicationSupportsIndirectInputEvents = YES;
				INFOPLIST_KEY_UILaunchScreen_Generation = YES;
				INFOPLIST_KEY_UISupportedInterfaceOrientations_iPad = "UIInterfaceOrientationPortrait UIInterfaceOrientationPortraitUpsideDown UIInterfaceOrientationLandscapeLeft UIInterfaceOrientationLandscapeRight";
				INFOPLIST_KEY_UISupportedInterfaceOrientations_iPhone = "UIInterfaceOrientationPortrait UIInterfaceOrientationLandscapeLeft UIInterfaceOrientationLandscapeRight";
				LD_RUNPATH_SEARCH_PATHS = (
					"$(inherited)",
					"@executable_path/Frameworks",
				);
				MARKETING_VERSION = 1.0;
				PRODUCT_BUNDLE_IDENTIFIER = com.ThiagoDefini.SwiftfulMapApp;
				PRODUCT_NAME = "$(TARGET_NAME)";
				SWIFT_EMIT_LOC_STRINGS = YES;
				SWIFT_VERSION = 5.0;
				TARGETED_DEVICE_FAMILY = "1,2";
			};
			name = Debug;
		};
		7B0DE16E2A9E9D560040DE87 /* Release */ = {
			isa = XCBuildConfiguration;
			buildSettings = {
				ASSETCATALOG_COMPILER_APPICON_NAME = AppIcon;
				ASSETCATALOG_COMPILER_GLOBAL_ACCENT_COLOR_NAME = AccentColor;
				CODE_SIGN_STYLE = Automatic;
				CURRENT_PROJECT_VERSION = 1;
				DEVELOPMENT_ASSET_PATHS = "\"SwiftfulMapApp/Preview Content\"";
				DEVELOPMENT_TEAM = RU3T8G764D;
				ENABLE_PREVIEWS = YES;
				GENERATE_INFOPLIST_FILE = YES;
				INFOPLIST_KEY_UIApplicationSceneManifest_Generation = YES;
				INFOPLIST_KEY_UIApplicationSupportsIndirectInputEvents = YES;
				INFOPLIST_KEY_UILaunchScreen_Generation = YES;
				INFOPLIST_KEY_UISupportedInterfaceOrientations_iPad = "UIInterfaceOrientationPortrait UIInterfaceOrientationPortraitUpsideDown UIInterfaceOrientationLandscapeLeft UIInterfaceOrientationLandscapeRight";
				INFOPLIST_KEY_UISupportedInterfaceOrientations_iPhone = "UIInterfaceOrientationPortrait UIInterfaceOrientationLandscapeLeft UIInterfaceOrientationLandscapeRight";
				LD_RUNPATH_SEARCH_PATHS = (
					"$(inherited)",
					"@executable_path/Frameworks",
				);
				MARKETING_VERSION = 1.0;
				PRODUCT_BUNDLE_IDENTIFIER = com.ThiagoDefini.SwiftfulMapApp;
				PRODUCT_NAME = "$(TARGET_NAME)";
				SWIFT_EMIT_LOC_STRINGS = YES;
				SWIFT_VERSION = 5.0;
				TARGETED_DEVICE_FAMILY = "1,2";
			};
			name = Release;
		};
/* End XCBuildConfiguration section */

/* Begin XCConfigurationList section */
		7B0DE1592A9E9D550040DE87 /* Build configuration list for PBXProject "SwiftfulMapApp" */ = {
			isa = XCConfigurationList;
			buildConfigurations = (
				7B0DE16A2A9E9D560040DE87 /* Debug */,
				7B0DE16B2A9E9D560040DE87 /* Release */,
			);
			defaultConfigurationIsVisible = 0;
			defaultConfigurationName = Release;
		};
		7B0DE16C2A9E9D560040DE87 /* Build configuration list for PBXNativeTarget "SwiftfulMapApp" */ = {
			isa = XCConfigurationList;
			buildConfigurations = (
				7B0DE16D2A9E9D560040DE87 /* Debug */,
				7B0DE16E2A9E9D560040DE87 /* Release */,
			);
			defaultConfigurationIsVisible = 0;
			defaultConfigurationName = Release;
		};
/* End XCConfigurationList section */
	};
	rootObject = 7B0DE1562A9E9D550040DE87 /* Project object */;
}
